
Microsoft Visual Studio Solution File, Format Version 12.00
# Visual Studio Version 17
VisualStudioVersion = 17.12.35514.174 d17.12
MinimumVisualStudioVersion = 10.0.40219.1
Project("{FAE04EC0-301F-11D3-BF4B-00C04F79EFBC}") = "KitM4.Blog.Api", "KitM4.Blog.Api\KitM4.Blog.Api.csproj", "{3BEFAC9F-2160-420E-9AF3-167764602373}"
EndProject
Project("{2150E333-8FDC-42A3-9474-1A3956D46DE8}") = "Solution Items", "Solution Items", "{6684ADA6-BA6D-4FD1-B988-5B526036A05C}"
	ProjectSection(SolutionItems) = preProject
		.editorconfig = .editorconfig
	EndProjectSection
EndProject
Project("{FAE04EC0-301F-11D3-BF4B-00C04F79EFBC}") = "KitM4.Blog.Domain", "KitM4.Blog.Domain\KitM4.Blog.Domain.csproj", "{216FFD86-C69D-443A-8763-953769B8D3E1}"
EndProject
Project("{FAE04EC0-301F-11D3-BF4B-00C04F79EFBC}") = "KitM4.Blog.Data", "KitM4.Blog.Data\KitM4.Blog.Data.csproj", "{88E418BB-6BF1-4859-B6F9-1ED790248891}"
EndProject
Project("{FAE04EC0-301F-11D3-BF4B-00C04F79EFBC}") = "KitM4.Blog.Core", "KitM4.Blog.Core\KitM4.Blog.Core.csproj", "{C091C802-D9C2-4AB9-9E60-4316657B0F85}"
EndProject
Global
	GlobalSection(SolutionConfigurationPlatforms) = preSolution
		Debug|Any CPU = Debug|Any CPU
		Release|Any CPU = Release|Any CPU
	EndGlobalSection
	GlobalSection(ProjectConfigurationPlatforms) = postSolution
		{3BEFAC9F-2160-420E-9AF3-167764602373}.Debug|Any CPU.ActiveCfg = Debug|Any CPU
		{3BEFAC9F-2160-420E-9AF3-167764602373}.Debug|Any CPU.Build.0 = Debug|Any CPU
		{3BEFAC9F-2160-420E-9AF3-167764602373}.Release|Any CPU.ActiveCfg = Release|Any CPU
		{3BEFAC9F-2160-420E-9AF3-167764602373}.Release|Any CPU.Build.0 = Release|Any CPU
		{216FFD86-C69D-443A-8763-953769B8D3E1}.Debug|Any CPU.ActiveCfg = Debug|Any CPU
		{216FFD86-C69D-443A-8763-953769B8D3E1}.Debug|Any CPU.Build.0 = Debug|Any CPU
		{216FFD86-C69D-443A-8763-953769B8D3E1}.Release|Any CPU.ActiveCfg = Release|Any CPU
		{216FFD86-C69D-443A-8763-953769B8D3E1}.Release|Any CPU.Build.0 = Release|Any CPU
		{88E418BB-6BF1-4859-B6F9-1ED790248891}.Debug|Any CPU.ActiveCfg = Debug|Any CPU
		{88E418BB-6BF1-4859-B6F9-1ED790248891}.Debug|Any CPU.Build.0 = Debug|Any CPU
		{88E418BB-6BF1-4859-B6F9-1ED790248891}.Release|Any CPU.ActiveCfg = Release|Any CPU
		{88E418BB-6BF1-4859-B6F9-1ED790248891}.Release|Any CPU.Build.0 = Release|Any CPU
		{C091C802-D9C2-4AB9-9E60-4316657B0F85}.Debug|Any CPU.ActiveCfg = Debug|Any CPU
		{C091C802-D9C2-4AB9-9E60-4316657B0F85}.Debug|Any CPU.Build.0 = Debug|Any CPU
		{C091C802-D9C2-4AB9-9E60-4316657B0F85}.Release|Any CPU.ActiveCfg = Release|Any CPU
		{C091C802-D9C2-4AB9-9E60-4316657B0F85}.Release|Any CPU.Build.0 = Release|Any CPU
	EndGlobalSection
	GlobalSection(SolutionProperties) = preSolution
		HideSolutionNode = FALSE
	EndGlobalSection
EndGlobal
